
Microsoft Visual Studio Solution File, Format Version 12.00
# Visual Studio Version 16
VisualStudioVersion = 16.0.31313.79
MinimumVisualStudioVersion = 10.0.40219.1
Project("{FAE04EC0-301F-11D3-BF4B-00C04F79EFBC}") = "WorkerService", "WorkerService\WorkerService.csproj", "{B4159F74-7366-4D0B-847E-8633F85628FC}"
EndProject
Project("{FAE04EC0-301F-11D3-BF4B-00C04F79EFBC}") = "UmbracoProject", "UmbracoProject\UmbracoProject.csproj", "{6D062B04-0C8D-47EC-AE83-238E50D8C11A}"
EndProject
Global
	GlobalSection(SolutionConfigurationPlatforms) = preSolution
		Debug|Any CPU = Debug|Any CPU
		Release|Any CPU = Release|Any CPU
	EndGlobalSection
	GlobalSection(ProjectConfigurationPlatforms) = postSolution
		{B4159F74-7366-4D0B-847E-8633F85628FC}.Debug|Any CPU.ActiveCfg = Debug|Any CPU
		{B4159F74-7366-4D0B-847E-8633F85628FC}.Debug|Any CPU.Build.0 = Debug|Any CPU
		{B4159F74-7366-4D0B-847E-8633F85628FC}.Release|Any CPU.ActiveCfg = Release|Any CPU
		{B4159F74-7366-4D0B-847E-8633F85628FC}.Release|Any CPU.Build.0 = Release|Any CPU
		{6D062B04-0C8D-47EC-AE83-238E50D8C11A}.Debug|Any CPU.ActiveCfg = Debug|Any CPU
		{6D062B04-0C8D-47EC-AE83-238E50D8C11A}.Debug|Any CPU.Build.0 = Debug|Any CPU
		{6D062B04-0C8D-47EC-AE83-238E50D8C11A}.Release|Any CPU.ActiveCfg = Release|Any CPU
		{6D062B04-0C8D-47EC-AE83-238E50D8C11A}.Release|Any CPU.Build.0 = Release|Any CPU
	EndGlobalSection
	GlobalSection(SolutionProperties) = preSolution
		HideSolutionNode = FALSE
	EndGlobalSection
	GlobalSection(ExtensibilityGlobals) = postSolution
		SolutionGuid = {B7CD0DA1-7638-4C74-8294-823B1CB5196D}
	EndGlobalSection
EndGlobal
